
Microsoft Visual Studio Solution File, Format Version 12.00
# Visual Studio 15
VisualStudioVersion = 15.0.28307.1525
MinimumVisualStudioVersion = 10.0.40219.1
Project("{FAE04EC0-301F-11D3-BF4B-00C04F79EFBC}") = "PizzaToppingSelection", "PizzaToppingSelection\PizzaToppingSelection.csproj", "{4F23D5FB-8E24-4109-AC59-975A5B189969}"
EndProject
Global
	GlobalSection(SolutionConfigurationPlatforms) = preSolution
		Debug|Any CPU = Debug|Any CPU
		Release|Any CPU = Release|Any CPU
	EndGlobalSection
	GlobalSection(ProjectConfigurationPlatforms) = postSolution
		{4F23D5FB-8E24-4109-AC59-975A5B189969}.Debug|Any CPU.ActiveCfg = Debug|Any CPU
		{4F23D5FB-8E24-4109-AC59-975A5B189969}.Debug|Any CPU.Build.0 = Debug|Any CPU
		{4F23D5FB-8E24-4109-AC59-975A5B189969}.Release|Any CPU.ActiveCfg = Release|Any CPU
		{4F23D5FB-8E24-4109-AC59-975A5B189969}.Release|Any CPU.Build.0 = Release|Any CPU
	EndGlobalSection
	GlobalSection(SolutionProperties) = preSolution
		HideSolutionNode = FALSE
	EndGlobalSection
	GlobalSection(ExtensibilityGlobals) = postSolution
		SolutionGuid = {04C6E916-9A43-4471-9909-5031EB6399E3}
	EndGlobalSection
EndGlobal
